
Microsoft Visual Studio Solution File, Format Version 12.00
# Visual Studio Version 17
VisualStudioVersion = 17.9.34622.214
MinimumVisualStudioVersion = 10.0.40219.1
Project("{9A19103F-16F7-4668-BE54-9A1E7A4F7556}") = "API_TODO", "API_TODO.csproj", "{3A7DD094-5405-4F47-8F38-903889F9A470}"
EndProject
Global
	GlobalSection(SolutionConfigurationPlatforms) = preSolution
		Debug|Any CPU = Debug|Any CPU
		Release|Any CPU = Release|Any CPU
	EndGlobalSection
	GlobalSection(ProjectConfigurationPlatforms) = postSolution
		{3A7DD094-5405-4F47-8F38-903889F9A470}.Debug|Any CPU.ActiveCfg = Debug|Any CPU
		{3A7DD094-5405-4F47-8F38-903889F9A470}.Debug|Any CPU.Build.0 = Debug|Any CPU
		{3A7DD094-5405-4F47-8F38-903889F9A470}.Release|Any CPU.ActiveCfg = Release|Any CPU
		{3A7DD094-5405-4F47-8F38-903889F9A470}.Release|Any CPU.Build.0 = Release|Any CPU
	EndGlobalSection
	GlobalSection(SolutionProperties) = preSolution
		HideSolutionNode = FALSE
	EndGlobalSection
	GlobalSection(ExtensibilityGlobals) = postSolution
		SolutionGuid = {8926D793-0AAD-4E72-84FB-6B46F81BA35A}
	EndGlobalSection
EndGlobal
